
Microsoft Visual Studio Solution File, Format Version 12.00
# Visual Studio 15
VisualStudioVersion = 15.0.26124.0
MinimumVisualStudioVersion = 15.0.26124.0
Project("{2150E333-8FDC-42A3-9474-1A3956D46DE8}") = "src", "src", "{BA811029-9CE6-430E-A3EC-EFF11CD153AA}"
EndProject
Project("{FAE04EC0-301F-11D3-BF4B-00C04F79EFBC}") = "VoidCore.Finance", "src\VoidCore.Finance\VoidCore.Finance.csproj", "{1CF2D2B7-C165-4C24-B169-5162EF8D7162}"
EndProject
Project("{2150E333-8FDC-42A3-9474-1A3956D46DE8}") = "tests", "tests", "{78C16C4B-5F88-42DC-9883-65843E1CBFDE}"
EndProject
Project("{FAE04EC0-301F-11D3-BF4B-00C04F79EFBC}") = "VoidCore.Finance.Test", "tests\VoidCore.Finance.Test\VoidCore.Finance.Test.csproj", "{944A8C8F-A280-45E6-8343-ECEBD41648F8}"
EndProject
Global
	GlobalSection(SolutionConfigurationPlatforms) = preSolution
		Debug|Any CPU = Debug|Any CPU
		Debug|x64 = Debug|x64
		Debug|x86 = Debug|x86
		Release|Any CPU = Release|Any CPU
		Release|x64 = Release|x64
		Release|x86 = Release|x86
	EndGlobalSection
	GlobalSection(SolutionProperties) = preSolution
		HideSolutionNode = FALSE
	EndGlobalSection
	GlobalSection(ProjectConfigurationPlatforms) = postSolution
		{1CF2D2B7-C165-4C24-B169-5162EF8D7162}.Debug|Any CPU.ActiveCfg = Debug|Any CPU
		{1CF2D2B7-C165-4C24-B169-5162EF8D7162}.Debug|Any CPU.Build.0 = Debug|Any CPU
		{1CF2D2B7-C165-4C24-B169-5162EF8D7162}.Debug|x64.ActiveCfg = Debug|Any CPU
		{1CF2D2B7-C165-4C24-B169-5162EF8D7162}.Debug|x64.Build.0 = Debug|Any CPU
		{1CF2D2B7-C165-4C24-B169-5162EF8D7162}.Debug|x86.ActiveCfg = Debug|Any CPU
		{1CF2D2B7-C165-4C24-B169-5162EF8D7162}.Debug|x86.Build.0 = Debug|Any CPU
		{1CF2D2B7-C165-4C24-B169-5162EF8D7162}.Release|Any CPU.ActiveCfg = Release|Any CPU
		{1CF2D2B7-C165-4C24-B169-5162EF8D7162}.Release|Any CPU.Build.0 = Release|Any CPU
		{1CF2D2B7-C165-4C24-B169-5162EF8D7162}.Release|x64.ActiveCfg = Release|Any CPU
		{1CF2D2B7-C165-4C24-B169-5162EF8D7162}.Release|x64.Build.0 = Release|Any CPU
		{1CF2D2B7-C165-4C24-B169-5162EF8D7162}.Release|x86.ActiveCfg = Release|Any CPU
		{1CF2D2B7-C165-4C24-B169-5162EF8D7162}.Release|x86.Build.0 = Release|Any CPU
		{944A8C8F-A280-45E6-8343-ECEBD41648F8}.Debug|Any CPU.ActiveCfg = Debug|Any CPU
		{944A8C8F-A280-45E6-8343-ECEBD41648F8}.Debug|Any CPU.Build.0 = Debug|Any CPU
		{944A8C8F-A280-45E6-8343-ECEBD41648F8}.Debug|x64.ActiveCfg = Debug|Any CPU
		{944A8C8F-A280-45E6-8343-ECEBD41648F8}.Debug|x64.Build.0 = Debug|Any CPU
		{944A8C8F-A280-45E6-8343-ECEBD41648F8}.Debug|x86.ActiveCfg = Debug|Any CPU
		{944A8C8F-A280-45E6-8343-ECEBD41648F8}.Debug|x86.Build.0 = Debug|Any CPU
		{944A8C8F-A280-45E6-8343-ECEBD41648F8}.Release|Any CPU.ActiveCfg = Release|Any CPU
		{944A8C8F-A280-45E6-8343-ECEBD41648F8}.Release|Any CPU.Build.0 = Release|Any CPU
		{944A8C8F-A280-45E6-8343-ECEBD41648F8}.Release|x64.ActiveCfg = Release|Any CPU
		{944A8C8F-A280-45E6-8343-ECEBD41648F8}.Release|x64.Build.0 = Release|Any CPU
		{944A8C8F-A280-45E6-8343-ECEBD41648F8}.Release|x86.ActiveCfg = Release|Any CPU
		{944A8C8F-A280-45E6-8343-ECEBD41648F8}.Release|x86.Build.0 = Release|Any CPU
	EndGlobalSection
	GlobalSection(NestedProjects) = preSolution
		{1CF2D2B7-C165-4C24-B169-5162EF8D7162} = {BA811029-9CE6-430E-A3EC-EFF11CD153AA}
		{944A8C8F-A280-45E6-8343-ECEBD41648F8} = {78C16C4B-5F88-42DC-9883-65843E1CBFDE}
	EndGlobalSection
EndGlobal
